// !$*UTF8*$!
{
	archiveVersion = 1;
	classes = {
	};
	objectVersion = 56;
	objects = {

/* Begin PBXBuildFile section */
		D67B21102C3E57240029D39F /* ProfileSetUp.swift in Sources */ = {isa = PBXBuildFile; fileRef = D67B210F2C3E57240029D39F /* ProfileSetUp.swift */; };
		D67B21122C3E58FA0029D39F /* StepCounterView.swift in Sources */ = {isa = PBXBuildFile; fileRef = D67B21112C3E58FA0029D39F /* StepCounterView.swift */; };
		D67B21142C3E8ADB0029D39F /* SDGView.swift in Sources */ = {isa = PBXBuildFile; fileRef = D67B21132C3E8ADB0029D39F /* SDGView.swift */; };
		D67B21162C3E8FDE0029D39F /* ProfileView.swift in Sources */ = {isa = PBXBuildFile; fileRef = D67B21152C3E8FDE0029D39F /* ProfileView.swift */; };
		D67B21182C3ECDFF0029D39F /* MainAppView.swift in Sources */ = {isa = PBXBuildFile; fileRef = D67B21172C3ECDFF0029D39F /* MainAppView.swift */; };
		D6E1D80B2C2DEB7E007C1446 /* suslifeApp.swift in Sources */ = {isa = PBXBuildFile; fileRef = D6E1D80A2C2DEB7E007C1446 /* suslifeApp.swift */; };
		D6E1D80D2C2DEB7E007C1446 /* ContentView.swift in Sources */ = {isa = PBXBuildFile; fileRef = D6E1D80C2C2DEB7E007C1446 /* ContentView.swift */; };
		D6E1D80F2C2DEB80007C1446 /* Assets.xcassets in Resources */ = {isa = PBXBuildFile; fileRef = D6E1D80E2C2DEB80007C1446 /* Assets.xcassets */; };
		D6E1D8122C2DEB80007C1446 /* Preview Assets.xcassets in Resources */ = {isa = PBXBuildFile; fileRef = D6E1D8112C2DEB80007C1446 /* Preview Assets.xcassets */; };
		D6E1D81D2C2E8476007C1446 /* ChatbotService.swift in Sources */ = {isa = PBXBuildFile; fileRef = D6E1D81C2C2E8476007C1446 /* ChatbotService.swift */; };
		D6E1D8202C2FD079007C1446 /* ChatBotView.swift in Sources */ = {isa = PBXBuildFile; fileRef = D6E1D81F2C2FD079007C1446 /* ChatBotView.swift */; };
		D6E1D8252C302C5F007C1446 /* suslife-8c42d8370996.json in Resources */ = {isa = PBXBuildFile; fileRef = D6E1D8242C302C5F007C1446 /* suslife-8c42d8370996.json */; };
/* End PBXBuildFile section */

/* Begin PBXFileReference section */
		D67B210F2C3E57240029D39F /* ProfileSetUp.swift */ = {isa = PBXFileReference; lastKnownFileType = sourcecode.swift; path = ProfileSetUp.swift; sourceTree = "<group>"; };
		D67B21112C3E58FA0029D39F /* StepCounterView.swift */ = {isa = PBXFileReference; lastKnownFileType = sourcecode.swift; path = StepCounterView.swift; sourceTree = "<group>"; };
		D67B21132C3E8ADB0029D39F /* SDGView.swift */ = {isa = PBXFileReference; lastKnownFileType = sourcecode.swift; path = SDGView.swift; sourceTree = "<group>"; };
		D67B21152C3E8FDE0029D39F /* ProfileView.swift */ = {isa = PBXFileReference; lastKnownFileType = sourcecode.swift; path = ProfileView.swift; sourceTree = "<group>"; };
		D67B21172C3ECDFF0029D39F /* MainAppView.swift */ = {isa = PBXFileReference; lastKnownFileType = sourcecode.swift; path = MainAppView.swift; sourceTree = "<group>"; };
		D6E1D8072C2DEB7E007C1446 /* suslife.app */ = {isa = PBXFileReference; explicitFileType = wrapper.application; includeInIndex = 0; path = suslife.app; sourceTree = BUILT_PRODUCTS_DIR; };
		D6E1D80A2C2DEB7E007C1446 /* suslifeApp.swift */ = {isa = PBXFileReference; lastKnownFileType = sourcecode.swift; path = suslifeApp.swift; sourceTree = "<group>"; };
		D6E1D80C2C2DEB7E007C1446 /* ContentView.swift */ = {isa = PBXFileReference; lastKnownFileType = sourcecode.swift; path = ContentView.swift; sourceTree = "<group>"; };
		D6E1D80E2C2DEB80007C1446 /* Assets.xcassets */ = {isa = PBXFileReference; lastKnownFileType = folder.assetcatalog; path = Assets.xcassets; sourceTree = "<group>"; };
		D6E1D8112C2DEB80007C1446 /* Preview Assets.xcassets */ = {isa = PBXFileReference; lastKnownFileType = folder.assetcatalog; path = "Preview Assets.xcassets"; sourceTree = "<group>"; };
		D6E1D81C2C2E8476007C1446 /* ChatbotService.swift */ = {isa = PBXFileReference; lastKnownFileType = sourcecode.swift; path = ChatbotService.swift; sourceTree = "<group>"; };
		D6E1D81F2C2FD079007C1446 /* ChatBotView.swift */ = {isa = PBXFileReference; lastKnownFileType = sourcecode.swift; path = ChatBotView.swift; sourceTree = "<group>"; };
		D6E1D8242C302C5F007C1446 /* suslife-8c42d8370996.json */ = {isa = PBXFileReference; fileEncoding = 4; lastKnownFileType = text.json; path = "suslife-8c42d8370996.json"; sourceTree = "<group>"; };
/* End PBXFileReference section */

/* Begin PBXFrameworksBuildPhase section */
		D6E1D8042C2DEB7E007C1446 /* Frameworks */ = {
			isa = PBXFrameworksBuildPhase;
			buildActionMask = 2147483647;
			files = (
			);
			runOnlyForDeploymentPostprocessing = 0;
		};
/* End PBXFrameworksBuildPhase section */

/* Begin PBXGroup section */
		D6E1D7FE2C2DEB7E007C1446 = {
			isa = PBXGroup;
			children = (
				D67B21132C3E8ADB0029D39F /* SDGView.swift */,
				D6E1D8242C302C5F007C1446 /* suslife-8c42d8370996.json */,
				D6E1D81A2C2E8448007C1446 /* Packages */,
				D6E1D8092C2DEB7E007C1446 /* suslife */,
				D6E1D8082C2DEB7E007C1446 /* Products */,
			);
			sourceTree = "<group>";
		};
		D6E1D8082C2DEB7E007C1446 /* Products */ = {
			isa = PBXGroup;
			children = (
				D6E1D8072C2DEB7E007C1446 /* suslife.app */,
			);
			name = Products;
			sourceTree = "<group>";
		};
		D6E1D8092C2DEB7E007C1446 /* suslife */ = {
			isa = PBXGroup;
			children = (
				D6E1D80A2C2DEB7E007C1446 /* suslifeApp.swift */,
				D6E1D80C2C2DEB7E007C1446 /* ContentView.swift */,
				D67B21172C3ECDFF0029D39F /* MainAppView.swift */,
				D67B21152C3E8FDE0029D39F /* ProfileView.swift */,
				D67B21112C3E58FA0029D39F /* StepCounterView.swift */,
				D6E1D81C2C2E8476007C1446 /* ChatbotService.swift */,
				D6E1D81F2C2FD079007C1446 /* ChatBotView.swift */,
				D67B210F2C3E57240029D39F /* ProfileSetUp.swift */,
				D6E1D80E2C2DEB80007C1446 /* Assets.xcassets */,
				D6E1D8102C2DEB80007C1446 /* Preview Content */,
			);
			path = suslife;
			sourceTree = "<group>";
		};
		D6E1D8102C2DEB80007C1446 /* Preview Content */ = {
			isa = PBXGroup;
			children = (
				D6E1D8112C2DEB80007C1446 /* Preview Assets.xcassets */,
			);
			path = "Preview Content";
			sourceTree = "<group>";
		};
		D6E1D81A2C2E8448007C1446 /* Packages */ = {
			isa = PBXGroup;
			children = (
			);
			name = Packages;
			sourceTree = "<group>";
		};
/* End PBXGroup section */

/* Begin PBXNativeTarget section */
		D6E1D8062C2DEB7E007C1446 /* suslife */ = {
			isa = PBXNativeTarget;
			buildConfigurationList = D6E1D8152C2DEB80007C1446 /* Build configuration list for PBXNativeTarget "suslife" */;
			buildPhases = (
				D6E1D8032C2DEB7E007C1446 /* Sources */,
				D6E1D8042C2DEB7E007C1446 /* Frameworks */,
				D6E1D8052C2DEB7E007C1446 /* Resources */,
			);
			buildRules = (
			);
			dependencies = (
			);
			name = suslife;
			productName = suslife;
			productReference = D6E1D8072C2DEB7E007C1446 /* suslife.app */;
			productType = "com.apple.product-type.application";
		};
/* End PBXNativeTarget section */

/* Begin PBXProject section */
		D6E1D7FF2C2DEB7E007C1446 /* Project object */ = {
			isa = PBXProject;
			attributes = {
				BuildIndependentTargetsInParallel = 1;
				LastSwiftUpdateCheck = 1430;
				LastUpgradeCheck = 1430;
				TargetAttributes = {
					D6E1D8062C2DEB7E007C1446 = {
						CreatedOnToolsVersion = 14.3.1;
					};
				};
			};
			buildConfigurationList = D6E1D8022C2DEB7E007C1446 /* Build configuration list for PBXProject "suslife" */;
			compatibilityVersion = "Xcode 14.0";
			developmentRegion = en;
			hasScannedForEncodings = 0;
			knownRegions = (
				en,
				Base,
			);
			mainGroup = D6E1D7FE2C2DEB7E007C1446;
			packageReferences = (
				D6E1D81E2C2E873F007C1446 /* XCRemoteSwiftPackageReference "Alamofire" */,
			);
			productRefGroup = D6E1D8082C2DEB7E007C1446 /* Products */;
			projectDirPath = "";
			projectRoot = "";
			targets = (
				D6E1D8062C2DEB7E007C1446 /* suslife */,
			);
		};
/* End PBXProject section */

/* Begin PBXResourcesBuildPhase section */
		D6E1D8052C2DEB7E007C1446 /* Resources */ = {
			isa = PBXResourcesBuildPhase;
			buildActionMask = 2147483647;
			files = (
				D6E1D8122C2DEB80007C1446 /* Preview Assets.xcassets in Resources */,
				D6E1D80F2C2DEB80007C1446 /* Assets.xcassets in Resources */,
				D6E1D8252C302C5F007C1446 /* suslife-8c42d8370996.json in Resources */,
			);
			runOnlyForDeploymentPostprocessing = 0;
		};
/* End PBXResourcesBuildPhase section */

/* Begin PBXSourcesBuildPhase section */
		D6E1D8032C2DEB7E007C1446 /* Sources */ = {
			isa = PBXSourcesBuildPhase;
			buildActionMask = 2147483647;
			files = (
				D6E1D80D2C2DEB7E007C1446 /* ContentView.swift in Sources */,
				D67B21102C3E57240029D39F /* ProfileSetUp.swift in Sources */,
				D67B21162C3E8FDE0029D39F /* ProfileView.swift in Sources */,
				D6E1D8202C2FD079007C1446 /* ChatBotView.swift in Sources */,
				D67B21182C3ECDFF0029D39F /* MainAppView.swift in Sources */,
				D6E1D81D2C2E8476007C1446 /* ChatbotService.swift in Sources */,
				D6E1D80B2C2DEB7E007C1446 /* suslifeApp.swift in Sources */,
				D67B21142C3E8ADB0029D39F /* SDGView.swift in Sources */,
				D67B21122C3E58FA0029D39F /* StepCounterView.swift in Sources */,
			);
			runOnlyForDeploymentPostprocessing = 0;
		};
/* End PBXSourcesBuildPhase section */

/* Begin XCBuildConfiguration section */
		D6E1D8132C2DEB80007C1446 /* Debug */ = {
			isa = XCBuildConfiguration;
			buildSettings = {
				ALWAYS_SEARCH_USER_PATHS = NO;
				CLANG_ANALYZER_NONNULL = YES;
				CLANG_ANALYZER_NUMBER_OBJECT_CONVERSION = YES_AGGRESSIVE;
				CLANG_CXX_LANGUAGE_STANDARD = "gnu++20";
				CLANG_ENABLE_MODULES = YES;
				CLANG_ENABLE_OBJC_ARC = YES;
				CLANG_ENABLE_OBJC_WEAK = YES;
				CLANG_WARN_BLOCK_CAPTURE_AUTORELEASING = YES;
				CLANG_WARN_BOOL_CONVERSION = YES;
				CLANG_WARN_COMMA = YES;
				CLANG_WARN_CONSTANT_CONVERSION = YES;
				CLANG_WARN_DEPRECATED_OBJC_IMPLEMENTATIONS = YES;
				CLANG_WARN_DIRECT_OBJC_ISA_USAGE = YES_ERROR;
				CLANG_WARN_DOCUMENTATION_COMMENTS = YES;
				CLANG_WARN_EMPTY_BODY = YES;
				CLANG_WARN_ENUM_CONVERSION = YES;
				CLANG_WARN_INFINITE_RECURSION = YES;
				CLANG_WARN_INT_CONVERSION = YES;
				CLANG_WARN_NON_LITERAL_NULL_CONVERSION = YES;
				CLANG_WARN_OBJC_IMPLICIT_RETAIN_SELF = YES;
				CLANG_WARN_OBJC_LITERAL_CONVERSION = YES;
				CLANG_WARN_OBJC_ROOT_CLASS = YES_ERROR;
				CLANG_WARN_QUOTED_INCLUDE_IN_FRAMEWORK_HEADER = YES;
				CLANG_WARN_RANGE_LOOP_ANALYSIS = YES;
				CLANG_WARN_STRICT_PROTOTYPES = YES;
				CLANG_WARN_SUSPICIOUS_MOVE = YES;
				CLANG_WARN_UNGUARDED_AVAILABILITY = YES_AGGRESSIVE;
				CLANG_WARN_UNREACHABLE_CODE = YES;
				CLANG_WARN__DUPLICATE_METHOD_MATCH = YES;
				COPY_PHASE_STRIP = NO;
				DEBUG_INFORMATION_FORMAT = dwarf;
				ENABLE_STRICT_OBJC_MSGSEND = YES;
				ENABLE_TESTABILITY = YES;
				GCC_C_LANGUAGE_STANDARD = gnu11;
				GCC_DYNAMIC_NO_PIC = NO;
				GCC_NO_COMMON_BLOCKS = YES;
				GCC_OPTIMIZATION_LEVEL = 0;
				GCC_PREPROCESSOR_DEFINITIONS = (
					"DEBUG=1",
					"$(inherited)",
				);
				GCC_WARN_64_TO_32_BIT_CONVERSION = YES;
				GCC_WARN_ABOUT_RETURN_TYPE = YES_ERROR;
				GCC_WARN_UNDECLARED_SELECTOR = YES;
				GCC_WARN_UNINITIALIZED_AUTOS = YES_AGGRESSIVE;
				GCC_WARN_UNUSED_FUNCTION = YES;
				GCC_WARN_UNUSED_VARIABLE = YES;
				IPHONEOS_DEPLOYMENT_TARGET = 16.4;
				MTL_ENABLE_DEBUG_INFO = INCLUDE_SOURCE;
				MTL_FAST_MATH = YES;
				ONLY_ACTIVE_ARCH = YES;
				SDKROOT = iphoneos;
				SWIFT_ACTIVE_COMPILATION_CONDITIONS = DEBUG;
				SWIFT_OPTIMIZATION_LEVEL = "-Onone";
			};
			name = Debug;
		};
		D6E1D8142C2DEB80007C1446 /* Release */ = {
			isa = XCBuildConfiguration;
			buildSettings = {
				ALWAYS_SEARCH_USER_PATHS = NO;
				CLANG_ANALYZER_NONNULL = YES;
				CLANG_ANALYZER_NUMBER_OBJECT_CONVERSION = YES_AGGRESSIVE;
				CLANG_CXX_LANGUAGE_STANDARD = "gnu++20";
				CLANG_ENABLE_MODULES = YES;
				CLANG_ENABLE_OBJC_ARC = YES;
				CLANG_ENABLE_OBJC_WEAK = YES;
				CLANG_WARN_BLOCK_CAPTURE_AUTORELEASING = YES;
				CLANG_WARN_BOOL_CONVERSION = YES;
				CLANG_WARN_COMMA = YES;
				CLANG_WARN_CONSTANT_CONVERSION = YES;
				CLANG_WARN_DEPRECATED_OBJC_IMPLEMENTATIONS = YES;
				CLANG_WARN_DIRECT_OBJC_ISA_USAGE = YES_ERROR;
				CLANG_WARN_DOCUMENTATION_COMMENTS = YES;
				CLANG_WARN_EMPTY_BODY = YES;
				CLANG_WARN_ENUM_CONVERSION = YES;
				CLANG_WARN_INFINITE_RECURSION = YES;
				CLANG_WARN_INT_CONVERSION = YES;
				CLANG_WARN_NON_LITERAL_NULL_CONVERSION = YES;
				CLANG_WARN_OBJC_IMPLICIT_RETAIN_SELF = YES;
				CLANG_WARN_OBJC_LITERAL_CONVERSION = YES;
				CLANG_WARN_OBJC_ROOT_CLASS = YES_ERROR;
				CLANG_WARN_QUOTED_INCLUDE_IN_FRAMEWORK_HEADER = YES;
				CLANG_WARN_RANGE_LOOP_ANALYSIS = YES;
				CLANG_WARN_STRICT_PROTOTYPES = YES;
				CLANG_WARN_SUSPICIOUS_MOVE = YES;
				CLANG_WARN_UNGUARDED_AVAILABILITY = YES_AGGRESSIVE;
				CLANG_WARN_UNREACHABLE_CODE = YES;
				CLANG_WARN__DUPLICATE_METHOD_MATCH = YES;
				COPY_PHASE_STRIP = NO;
				DEBUG_INFORMATION_FORMAT = "dwarf-with-dsym";
				ENABLE_NS_ASSERTIONS = NO;
				ENABLE_STRICT_OBJC_MSGSEND = YES;
				GCC_C_LANGUAGE_STANDARD = gnu11;
				GCC_NO_COMMON_BLOCKS = YES;
				GCC_WARN_64_TO_32_BIT_CONVERSION = YES;
				GCC_WARN_ABOUT_RETURN_TYPE = YES_ERROR;
				GCC_WARN_UNDECLARED_SELECTOR = YES;
				GCC_WARN_UNINITIALIZED_AUTOS = YES_AGGRESSIVE;
				GCC_WARN_UNUSED_FUNCTION = YES;
				GCC_WARN_UNUSED_VARIABLE = YES;
				IPHONEOS_DEPLOYMENT_TARGET = 16.4;
				MTL_ENABLE_DEBUG_INFO = NO;
				MTL_FAST_MATH = YES;
				SDKROOT = iphoneos;
				SWIFT_COMPILATION_MODE = wholemodule;
				SWIFT_OPTIMIZATION_LEVEL = "-O";
				VALIDATE_PRODUCT = YES;
			};
			name = Release;
		};
		D6E1D8162C2DEB80007C1446 /* Debug */ = {
			isa = XCBuildConfiguration;
			buildSettings = {
				ASSETCATALOG_COMPILER_APPICON_NAME = AppIcon;
				ASSETCATALOG_COMPILER_GLOBAL_ACCENT_COLOR_NAME = AccentColor;
				CODE_SIGN_STYLE = Automatic;
				CURRENT_PROJECT_VERSION = 1;
				DEVELOPMENT_ASSET_PATHS = "\"suslife/Preview Content\"";
				DEVELOPMENT_TEAM = P3AKQ7WJJG;
				ENABLE_PREVIEWS = YES;
				GENERATE_INFOPLIST_FILE = YES;
				INFOPLIST_KEY_UIApplicationSceneManifest_Generation = YES;
				INFOPLIST_KEY_UIApplicationSupportsIndirectInputEvents = YES;
				INFOPLIST_KEY_UILaunchScreen_Generation = YES;
				INFOPLIST_KEY_UISupportedInterfaceOrientations_iPad = "UIInterfaceOrientationPortrait UIInterfaceOrientationPortraitUpsideDown UIInterfaceOrientationLandscapeLeft UIInterfaceOrientationLandscapeRight";
				INFOPLIST_KEY_UISupportedInterfaceOrientations_iPhone = "UIInterfaceOrientationPortrait UIInterfaceOrientationLandscapeLeft UIInterfaceOrientationLandscapeRight";
				IPHONEOS_DEPLOYMENT_TARGET = 15.1;
				LD_RUNPATH_SEARCH_PATHS = (
					"$(inherited)",
					"@executable_path/Frameworks",
				);
				MARKETING_VERSION = 1.0;
				PRODUCT_BUNDLE_IDENTIFIER = com.sarah.suslife;
				PRODUCT_NAME = "$(TARGET_NAME)";
				SWIFT_EMIT_LOC_STRINGS = YES;
				SWIFT_VERSION = 5.0;
				TARGETED_DEVICE_FAMILY = "1,2";
			};
			name = Debug;
		};
		D6E1D8172C2DEB80007C1446 /* Release */ = {
			isa = XCBuildConfiguration;
			buildSettings = {
				ASSETCATALOG_COMPILER_APPICON_NAME = AppIcon;
				ASSETCATALOG_COMPILER_GLOBAL_ACCENT_COLOR_NAME = AccentColor;
				CODE_SIGN_STYLE = Automatic;
				CURRENT_PROJECT_VERSION = 1;
				DEVELOPMENT_ASSET_PATHS = "\"suslife/Preview Content\"";
				DEVELOPMENT_TEAM = P3AKQ7WJJG;
				ENABLE_PREVIEWS = YES;
				GENERATE_INFOPLIST_FILE = YES;
				INFOPLIST_KEY_UIApplicationSceneManifest_Generation = YES;
				INFOPLIST_KEY_UIApplicationSupportsIndirectInputEvents = YES;
				INFOPLIST_KEY_UILaunchScreen_Generation = YES;
				INFOPLIST_KEY_UISupportedInterfaceOrientations_iPad = "UIInterfaceOrientationPortrait UIInterfaceOrientationPortraitUpsideDown UIInterfaceOrientationLandscapeLeft UIInterfaceOrientationLandscapeRight";
				INFOPLIST_KEY_UISupportedInterfaceOrientations_iPhone = "UIInterfaceOrientationPortrait UIInterfaceOrientationLandscapeLeft UIInterfaceOrientationLandscapeRight";
				IPHONEOS_DEPLOYMENT_TARGET = 15.1;
				LD_RUNPATH_SEARCH_PATHS = (
					"$(inherited)",
					"@executable_path/Frameworks",
				);
				MARKETING_VERSION = 1.0;
				PRODUCT_BUNDLE_IDENTIFIER = com.sarah.suslife;
				PRODUCT_NAME = "$(TARGET_NAME)";
				SWIFT_EMIT_LOC_STRINGS = YES;
				SWIFT_VERSION = 5.0;
				TARGETED_DEVICE_FAMILY = "1,2";
			};
			name = Release;
		};
/* End XCBuildConfiguration section */

/* Begin XCConfigurationList section */
		D6E1D8022C2DEB7E007C1446 /* Build configuration list for PBXProject "suslife" */ = {
			isa = XCConfigurationList;
			buildConfigurations = (
				D6E1D8132C2DEB80007C1446 /* Debug */,
				D6E1D8142C2DEB80007C1446 /* Release */,
			);
			defaultConfigurationIsVisible = 0;
			defaultConfigurationName = Release;
		};
		D6E1D8152C2DEB80007C1446 /* Build configuration list for PBXNativeTarget "suslife" */ = {
			isa = XCConfigurationList;
			buildConfigurations = (
				D6E1D8162C2DEB80007C1446 /* Debug */,
				D6E1D8172C2DEB80007C1446 /* Release */,
			);
			defaultConfigurationIsVisible = 0;
			defaultConfigurationName = Release;
		};
/* End XCConfigurationList section */

/* Begin XCRemoteSwiftPackageReference section */
		D6E1D81E2C2E873F007C1446 /* XCRemoteSwiftPackageReference "Alamofire" */ = {
			isa = XCRemoteSwiftPackageReference;
			repositoryURL = "https://github.com/Alamofire/Alamofire.git";
			requirement = {
				kind = upToNextMajorVersion;
				minimumVersion = 5.0.0;
			};
		};
/* End XCRemoteSwiftPackageReference section */
	};
	rootObject = D6E1D7FF2C2DEB7E007C1446 /* Project object */;
}
